
Microsoft Visual Studio Solution File, Format Version 12.00
# Visual Studio Version 17
VisualStudioVersion = 17.9.34728.123
MinimumVisualStudioVersion = 10.0.40219.1
Project("{FAE04EC0-301F-11D3-BF4B-00C04F79EFBC}") = "Parprogrammering", "Parprogrammering\Parprogrammering.csproj", "{DF26CC73-AC02-4812-8E6B-CBD8EE2C99F1}"
EndProject
Global
	GlobalSection(SolutionConfigurationPlatforms) = preSolution
		Debug|Any CPU = Debug|Any CPU
		Release|Any CPU = Release|Any CPU
	EndGlobalSection
	GlobalSection(ProjectConfigurationPlatforms) = postSolution
		{DF26CC73-AC02-4812-8E6B-CBD8EE2C99F1}.Debug|Any CPU.ActiveCfg = Debug|Any CPU
		{DF26CC73-AC02-4812-8E6B-CBD8EE2C99F1}.Debug|Any CPU.Build.0 = Debug|Any CPU
		{DF26CC73-AC02-4812-8E6B-CBD8EE2C99F1}.Release|Any CPU.ActiveCfg = Release|Any CPU
		{DF26CC73-AC02-4812-8E6B-CBD8EE2C99F1}.Release|Any CPU.Build.0 = Release|Any CPU
	EndGlobalSection
	GlobalSection(SolutionProperties) = preSolution
		HideSolutionNode = FALSE
	EndGlobalSection
	GlobalSection(ExtensibilityGlobals) = postSolution
		SolutionGuid = {A76A4817-1692-466D-8A42-F5D34EE39C37}
	EndGlobalSection
EndGlobal
